
Microsoft Visual Studio Solution File, Format Version 12.00
Project("{FAE04EC0-301F-11D3-BF4B-00C04F79EFBC}") = "PhoneBookApp", "PhoneBookApp\PhoneBookApp.csproj", "{6553AD16-7218-4AFE-97E7-405C33174396}"
EndProject
Global
	GlobalSection(SolutionConfigurationPlatforms) = preSolution
		Debug|Any CPU = Debug|Any CPU
		Release|Any CPU = Release|Any CPU
	EndGlobalSection
	GlobalSection(ProjectConfigurationPlatforms) = postSolution
		{6553AD16-7218-4AFE-97E7-405C33174396}.Debug|Any CPU.ActiveCfg = Debug|Any CPU
		{6553AD16-7218-4AFE-97E7-405C33174396}.Debug|Any CPU.Build.0 = Debug|Any CPU
		{6553AD16-7218-4AFE-97E7-405C33174396}.Release|Any CPU.ActiveCfg = Release|Any CPU
		{6553AD16-7218-4AFE-97E7-405C33174396}.Release|Any CPU.Build.0 = Release|Any CPU
	EndGlobalSection
EndGlobal
